
Microsoft Visual Studio Solution File, Format Version 12.00
# Visual Studio Version 17
VisualStudioVersion = 17.7.34018.315
MinimumVisualStudioVersion = 10.0.40219.1
Project("{8BC9CEB8-8B4A-11D0-8D11-00A0C91BC942}") = "Genesis", "Genesis\Genesis.vcxproj", "{D01AD759-3764-499E-85BF-22CCA33977E3}"
EndProject
Project("{8BC9CEB8-8B4A-11D0-8D11-00A0C91BC942}") = "Sandbox", "Sandbox\Sandbox.vcxproj", "{EE0FD502-50EE-4EFE-B573-81D540FD373C}"
EndProject
Global
	GlobalSection(SolutionConfigurationPlatforms) = preSolution
		Debug|x64 = Debug|x64
		Release|x64 = Release|x64
	EndGlobalSection
	GlobalSection(ProjectConfigurationPlatforms) = postSolution
		{D01AD759-3764-499E-85BF-22CCA33977E3}.Debug|x64.ActiveCfg = Debug|x64
		{D01AD759-3764-499E-85BF-22CCA33977E3}.Debug|x64.Build.0 = Debug|x64
		{D01AD759-3764-499E-85BF-22CCA33977E3}.Release|x64.ActiveCfg = Release|x64
		{D01AD759-3764-499E-85BF-22CCA33977E3}.Release|x64.Build.0 = Release|x64
		{EE0FD502-50EE-4EFE-B573-81D540FD373C}.Debug|x64.ActiveCfg = Debug|x64
		{EE0FD502-50EE-4EFE-B573-81D540FD373C}.Debug|x64.Build.0 = Debug|x64
		{EE0FD502-50EE-4EFE-B573-81D540FD373C}.Release|x64.ActiveCfg = Release|x64
		{EE0FD502-50EE-4EFE-B573-81D540FD373C}.Release|x64.Build.0 = Release|x64
	EndGlobalSection
	GlobalSection(SolutionProperties) = preSolution
		HideSolutionNode = FALSE
	EndGlobalSection
	GlobalSection(ExtensibilityGlobals) = postSolution
		SolutionGuid = {D40A7A78-C2F6-4C44-A747-354640AEF7E5}
	EndGlobalSection
EndGlobal
